
Microsoft Visual Studio Solution File, Format Version 12.00
Project("{2150E333-8FDC-42A3-9474-1A3956D46DE8}") = "Sqs", "Sqs", "{0B3F2723-59AC-4D47-AEC4-F723849999AF}"
EndProject
Project("{2150E333-8FDC-42A3-9474-1A3956D46DE8}") = "Sns", "Sns", "{D57EDF08-18F1-48A5-89BA-4B28B99C9B7A}"
EndProject
Project("{2150E333-8FDC-42A3-9474-1A3956D46DE8}") = "DynamoDb", "DynamoDb", "{BCA07E81-8725-4067-9D38-BC74CB0DB9CE}"
EndProject
Project("{2150E333-8FDC-42A3-9474-1A3956D46DE8}") = "S3", "S3", "{B9260779-66C8-43D1-9441-DA089C1CAD2B}"
EndProject
Project("{2150E333-8FDC-42A3-9474-1A3956D46DE8}") = "SecretsManager", "SecretsManager", "{E2695CBF-4AD5-428D-8F31-4332D3B269CE}"
EndProject
Project("{2150E333-8FDC-42A3-9474-1A3956D46DE8}") = "Lambda", "Lambda", "{A564B1E6-E218-4867-9937-36EC18B4D187}"
EndProject
Project("{FAE04EC0-301F-11D3-BF4B-00C04F79EFBC}") = "SqsPublisher", "Sqs\SqsPublisher\SqsPublisher.csproj", "{AF86155F-8F6D-4815-90B6-116FFDD483D3}"
EndProject
Project("{FAE04EC0-301F-11D3-BF4B-00C04F79EFBC}") = "SqsConsumer", "Sqs\SqsConsumer\SqsConsumer.csproj", "{E41516BB-B092-472E-9FE2-36CF9EEEC2C3}"
EndProject
Project("{FAE04EC0-301F-11D3-BF4B-00C04F79EFBC}") = "Customers.Api", "Sqs\Customers.Api\Customers.Api.csproj", "{36F50275-F18F-4385-B52B-1C339233C330}"
EndProject
Project("{FAE04EC0-301F-11D3-BF4B-00C04F79EFBC}") = "Customers.Consumer", "Sqs\Customers.Consumer\Customers.Consumer.csproj", "{C5CAB8CC-C0CB-4970-845B-64A487BB9222}"
EndProject
Project("{FAE04EC0-301F-11D3-BF4B-00C04F79EFBC}") = "SnsPublisher", "Sns\SnsPublisher\SnsPublisher.csproj", "{AC21FE11-155E-4E48-ABC9-9A980150CFEA}"
EndProject
Project("{FAE04EC0-301F-11D3-BF4B-00C04F79EFBC}") = "SqsConsumer", "Sns\SqsConsumer\SqsConsumer.csproj", "{B51D12DC-77FF-49F8-AFE1-91CB37F7641E}"
EndProject
Project("{FAE04EC0-301F-11D3-BF4B-00C04F79EFBC}") = "Customers.Api", "Sns\Customers.Api\Customers.Api.csproj", "{7E64857B-95D2-4E08-B50F-75DABEB3CC87}"
EndProject
Project("{FAE04EC0-301F-11D3-BF4B-00C04F79EFBC}") = "Customers.Consumer", "Sns\Customers.Consumer\Customers.Consumer.csproj", "{7870428C-CC2F-4941-8938-EB1709B85CAB}"
EndProject
Project("{FAE04EC0-301F-11D3-BF4B-00C04F79EFBC}") = "Customers.Api", "DynamoDb\Customers.Api\Customers.Api.csproj", "{7C7635CE-3F6A-443E-91FA-4BF9CC643190}"
EndProject
Project("{FAE04EC0-301F-11D3-BF4B-00C04F79EFBC}") = "Movies.App", "DynamoDb\Movies.App\Movies.App.csproj", "{FC71F4BF-BD04-44A5-9A9D-8DBAE4DB3EDD}"
EndProject
Global
	GlobalSection(SolutionConfigurationPlatforms) = preSolution
		Debug|Any CPU = Debug|Any CPU
		Release|Any CPU = Release|Any CPU
	EndGlobalSection
	GlobalSection(ProjectConfigurationPlatforms) = postSolution
		{AF86155F-8F6D-4815-90B6-116FFDD483D3}.Debug|Any CPU.ActiveCfg = Debug|Any CPU
		{AF86155F-8F6D-4815-90B6-116FFDD483D3}.Debug|Any CPU.Build.0 = Debug|Any CPU
		{AF86155F-8F6D-4815-90B6-116FFDD483D3}.Release|Any CPU.ActiveCfg = Release|Any CPU
		{AF86155F-8F6D-4815-90B6-116FFDD483D3}.Release|Any CPU.Build.0 = Release|Any CPU
		{E41516BB-B092-472E-9FE2-36CF9EEEC2C3}.Debug|Any CPU.ActiveCfg = Debug|Any CPU
		{E41516BB-B092-472E-9FE2-36CF9EEEC2C3}.Debug|Any CPU.Build.0 = Debug|Any CPU
		{E41516BB-B092-472E-9FE2-36CF9EEEC2C3}.Release|Any CPU.ActiveCfg = Release|Any CPU
		{E41516BB-B092-472E-9FE2-36CF9EEEC2C3}.Release|Any CPU.Build.0 = Release|Any CPU
		{36F50275-F18F-4385-B52B-1C339233C330}.Debug|Any CPU.ActiveCfg = Debug|Any CPU
		{36F50275-F18F-4385-B52B-1C339233C330}.Debug|Any CPU.Build.0 = Debug|Any CPU
		{36F50275-F18F-4385-B52B-1C339233C330}.Release|Any CPU.ActiveCfg = Release|Any CPU
		{36F50275-F18F-4385-B52B-1C339233C330}.Release|Any CPU.Build.0 = Release|Any CPU
		{C5CAB8CC-C0CB-4970-845B-64A487BB9222}.Debug|Any CPU.ActiveCfg = Debug|Any CPU
		{C5CAB8CC-C0CB-4970-845B-64A487BB9222}.Debug|Any CPU.Build.0 = Debug|Any CPU
		{C5CAB8CC-C0CB-4970-845B-64A487BB9222}.Release|Any CPU.ActiveCfg = Release|Any CPU
		{C5CAB8CC-C0CB-4970-845B-64A487BB9222}.Release|Any CPU.Build.0 = Release|Any CPU
		{AC21FE11-155E-4E48-ABC9-9A980150CFEA}.Debug|Any CPU.ActiveCfg = Debug|Any CPU
		{AC21FE11-155E-4E48-ABC9-9A980150CFEA}.Debug|Any CPU.Build.0 = Debug|Any CPU
		{AC21FE11-155E-4E48-ABC9-9A980150CFEA}.Release|Any CPU.ActiveCfg = Release|Any CPU
		{AC21FE11-155E-4E48-ABC9-9A980150CFEA}.Release|Any CPU.Build.0 = Release|Any CPU
		{B51D12DC-77FF-49F8-AFE1-91CB37F7641E}.Debug|Any CPU.ActiveCfg = Debug|Any CPU
		{B51D12DC-77FF-49F8-AFE1-91CB37F7641E}.Debug|Any CPU.Build.0 = Debug|Any CPU
		{B51D12DC-77FF-49F8-AFE1-91CB37F7641E}.Release|Any CPU.ActiveCfg = Release|Any CPU
		{B51D12DC-77FF-49F8-AFE1-91CB37F7641E}.Release|Any CPU.Build.0 = Release|Any CPU
		{7E64857B-95D2-4E08-B50F-75DABEB3CC87}.Debug|Any CPU.ActiveCfg = Debug|Any CPU
		{7E64857B-95D2-4E08-B50F-75DABEB3CC87}.Debug|Any CPU.Build.0 = Debug|Any CPU
		{7E64857B-95D2-4E08-B50F-75DABEB3CC87}.Release|Any CPU.ActiveCfg = Release|Any CPU
		{7E64857B-95D2-4E08-B50F-75DABEB3CC87}.Release|Any CPU.Build.0 = Release|Any CPU
		{7870428C-CC2F-4941-8938-EB1709B85CAB}.Debug|Any CPU.ActiveCfg = Debug|Any CPU
		{7870428C-CC2F-4941-8938-EB1709B85CAB}.Debug|Any CPU.Build.0 = Debug|Any CPU
		{7870428C-CC2F-4941-8938-EB1709B85CAB}.Release|Any CPU.ActiveCfg = Release|Any CPU
		{7870428C-CC2F-4941-8938-EB1709B85CAB}.Release|Any CPU.Build.0 = Release|Any CPU
		{7C7635CE-3F6A-443E-91FA-4BF9CC643190}.Debug|Any CPU.ActiveCfg = Debug|Any CPU
		{7C7635CE-3F6A-443E-91FA-4BF9CC643190}.Debug|Any CPU.Build.0 = Debug|Any CPU
		{7C7635CE-3F6A-443E-91FA-4BF9CC643190}.Release|Any CPU.ActiveCfg = Release|Any CPU
		{7C7635CE-3F6A-443E-91FA-4BF9CC643190}.Release|Any CPU.Build.0 = Release|Any CPU
		{FC71F4BF-BD04-44A5-9A9D-8DBAE4DB3EDD}.Debug|Any CPU.ActiveCfg = Debug|Any CPU
		{FC71F4BF-BD04-44A5-9A9D-8DBAE4DB3EDD}.Debug|Any CPU.Build.0 = Debug|Any CPU
		{FC71F4BF-BD04-44A5-9A9D-8DBAE4DB3EDD}.Release|Any CPU.ActiveCfg = Release|Any CPU
		{FC71F4BF-BD04-44A5-9A9D-8DBAE4DB3EDD}.Release|Any CPU.Build.0 = Release|Any CPU
	EndGlobalSection
	GlobalSection(NestedProjects) = preSolution
		{AF86155F-8F6D-4815-90B6-116FFDD483D3} = {0B3F2723-59AC-4D47-AEC4-F723849999AF}
		{E41516BB-B092-472E-9FE2-36CF9EEEC2C3} = {0B3F2723-59AC-4D47-AEC4-F723849999AF}
		{36F50275-F18F-4385-B52B-1C339233C330} = {0B3F2723-59AC-4D47-AEC4-F723849999AF}
		{C5CAB8CC-C0CB-4970-845B-64A487BB9222} = {0B3F2723-59AC-4D47-AEC4-F723849999AF}
		{AC21FE11-155E-4E48-ABC9-9A980150CFEA} = {D57EDF08-18F1-48A5-89BA-4B28B99C9B7A}
		{B51D12DC-77FF-49F8-AFE1-91CB37F7641E} = {D57EDF08-18F1-48A5-89BA-4B28B99C9B7A}
		{7E64857B-95D2-4E08-B50F-75DABEB3CC87} = {D57EDF08-18F1-48A5-89BA-4B28B99C9B7A}
		{7870428C-CC2F-4941-8938-EB1709B85CAB} = {D57EDF08-18F1-48A5-89BA-4B28B99C9B7A}
		{7C7635CE-3F6A-443E-91FA-4BF9CC643190} = {BCA07E81-8725-4067-9D38-BC74CB0DB9CE}
		{FC71F4BF-BD04-44A5-9A9D-8DBAE4DB3EDD} = {BCA07E81-8725-4067-9D38-BC74CB0DB9CE}
	EndGlobalSection
EndGlobal
